
Microsoft Visual Studio Solution File, Format Version 12.00
# Visual Studio Version 16
VisualStudioVersion = 25.0.1706.12
MinimumVisualStudioVersion = 10.0.40219.1
Project("{2150E333-8FDC-42A3-9474-1A3956D46DE8}") = "Services", "Services", "{E3154709-E294-4593-9E72-5748D8C44D0B}"
EndProject
Project("{2150E333-8FDC-42A3-9474-1A3956D46DE8}") = "Catalog.API", "Catalog.API", "{CB25E200-A114-4C26-AAC0-3CAE734CE1AD}"
EndProject
Project("{FAE04EC0-301F-11D3-BF4B-00C04F79EFBC}") = "Catalog.API", "Catalog.API\Catalog.API.csproj", "{AD623813-6650-463C-A3FC-76DF55E500BA}"
EndProject
Global
	GlobalSection(SolutionConfigurationPlatforms) = preSolution
		Debug|Any CPU = Debug|Any CPU
		Release|Any CPU = Release|Any CPU
	EndGlobalSection
	GlobalSection(ProjectConfigurationPlatforms) = postSolution
		{AD623813-6650-463C-A3FC-76DF55E500BA}.Debug|Any CPU.ActiveCfg = Debug|Any CPU
		{AD623813-6650-463C-A3FC-76DF55E500BA}.Debug|Any CPU.Build.0 = Debug|Any CPU
		{AD623813-6650-463C-A3FC-76DF55E500BA}.Release|Any CPU.ActiveCfg = Release|Any CPU
		{AD623813-6650-463C-A3FC-76DF55E500BA}.Release|Any CPU.Build.0 = Release|Any CPU
	EndGlobalSection
	GlobalSection(SolutionProperties) = preSolution
		HideSolutionNode = FALSE
	EndGlobalSection
	GlobalSection(ExtensibilityGlobals) = postSolution
		SolutionGuid = {C92B7579-5F89-493C-932D-7AB9A192D0CC}
	EndGlobalSection
	GlobalSection(NestedProjects) = preSolution
		{CB25E200-A114-4C26-AAC0-3CAE734CE1AD} = {E3154709-E294-4593-9E72-5748D8C44D0B}
		{AD623813-6650-463C-A3FC-76DF55E500BA} = {CB25E200-A114-4C26-AAC0-3CAE734CE1AD}
	EndGlobalSection
EndGlobal
